
Microsoft Visual Studio Solution File, Format Version 12.00
# Visual Studio Version 17
VisualStudioVersion = 17.4.32804.182
MinimumVisualStudioVersion = 10.0.40219.1
Project("{9A19103F-16F7-4668-BE54-9A1E7A4F7556}") = "Yolo5NetConsole", "Yolo5NetConsole\Yolo5NetConsole.csproj", "{9776ED81-76BA-44B6-8E44-6C6E5C4C3E2F}"
EndProject
Project("{FAE04EC0-301F-11D3-BF4B-00C04F79EFBC}") = "Yolo5Net", "Yolo5Net\Yolo5Net.csproj", "{C36828DE-4760-4067-B2C3-E157DD4D9084}"
EndProject
Global
	GlobalSection(SolutionConfigurationPlatforms) = preSolution
		Debug|Any CPU = Debug|Any CPU
		Release|Any CPU = Release|Any CPU
	EndGlobalSection
	GlobalSection(ProjectConfigurationPlatforms) = postSolution
		{9776ED81-76BA-44B6-8E44-6C6E5C4C3E2F}.Debug|Any CPU.ActiveCfg = Debug|Any CPU
		{9776ED81-76BA-44B6-8E44-6C6E5C4C3E2F}.Debug|Any CPU.Build.0 = Debug|Any CPU
		{9776ED81-76BA-44B6-8E44-6C6E5C4C3E2F}.Release|Any CPU.ActiveCfg = Release|Any CPU
		{9776ED81-76BA-44B6-8E44-6C6E5C4C3E2F}.Release|Any CPU.Build.0 = Release|Any CPU
		{C36828DE-4760-4067-B2C3-E157DD4D9084}.Debug|Any CPU.ActiveCfg = Debug|Any CPU
		{C36828DE-4760-4067-B2C3-E157DD4D9084}.Debug|Any CPU.Build.0 = Debug|Any CPU
		{C36828DE-4760-4067-B2C3-E157DD4D9084}.Release|Any CPU.ActiveCfg = Release|Any CPU
		{C36828DE-4760-4067-B2C3-E157DD4D9084}.Release|Any CPU.Build.0 = Release|Any CPU
	EndGlobalSection
	GlobalSection(SolutionProperties) = preSolution
		HideSolutionNode = FALSE
	EndGlobalSection
	GlobalSection(ExtensibilityGlobals) = postSolution
		SolutionGuid = {8247093A-5A5F-4FE0-BC14-6B3473B1CD5F}
	EndGlobalSection
EndGlobal
